{
  "name": "builtin.chat-view-2-node",
  "version": "0.0.0-dev",
  "lockfileVersion": 3,
  "requires": true,
  "packages": {
    "": {
      "name": "builtin.chat-view-2-node",
      "version": "0.0.0-dev",
      "license": "MIT",
      "devDependencies": {
        "@types/node": "^26.1.1"
      },
      "optionalDependencies": {
        "@agent-sh/computer-use-linux": "0.4.1"
      }
    },
    "node_modules/@agent-sh/computer-use-linux": {
      "version": "0.4.1",
      "resolved": "https://registry.npmjs.org/@agent-sh/computer-use-linux/-/computer-use-linux-0.4.1.tgz",
      "integrity": "sha512-cnngpf8ma7SP+/EvDymS7MEp06N0t8jTPs7ZL/egoBUW8CI9mLAqmlH0NxPBUSdpcirSrPxMuLmSmfgHF1z3xA==",
      "cpu": [
        "x64",
        "arm64"
      ],
      "hasInstallScript": true,
      "license": "MIT",
      "optional": true,
      "os": [
        "linux"
      ],
      "bin": {
        "computer-use-linux": "npm/bin/computer-use-linux.js"
      },
      "engines": {
        "node": ">=18"
      }
    },
    "node_modules/@types/node": {
      "version": "26.1.1",
      "resolved": "https://registry.npmjs.org/@types/node/-/node-26.1.1.tgz",
      "integrity": "sha512-nxAkRSVkN1Y0JC1W8ky/fTfkGsMmcrRsbx+3XoZE+rMOX71kLYTV7fLXpqud1GpbpP5TuffXFqfX7fH2GgZREw==",
      "dev": true,
      "license": "MIT",
      "dependencies": {
        "undici-types": "~8.3.0"
      }
    },
    "node_modules/undici-types": {
      "version": "8.3.0",
      "resolved": "https://registry.npmjs.org/undici-types/-/undici-types-8.3.0.tgz",
      "integrity": "sha512-j375ScV60dom+YkPFIfTLcOiPxkN/buHz5GobjLhixFuANaNs3C9l4GmrWqejgXWJ7BbJcFYpTEUkS1Ge8bpZQ==",
      "dev": true,
      "license": "MIT"
    }
  }
}
